
Microsoft Visual Studio Solution File, Format Version 12.00
# Visual Studio Version 16
VisualStudioVersion = 16.0.31702.278
MinimumVisualStudioVersion = 10.0.40219.1
Project("{FAE04EC0-301F-11D3-BF4B-00C04F79EFBC}") = "GladiatorManagement", "GladiatorManagement\GladiatorManagement.csproj", "{D9A90F63-1367-4F87-9D2F-886A33AE3288}"
EndProject
Global
	GlobalSection(SolutionConfigurationPlatforms) = preSolution
		Debug|Any CPU = Debug|Any CPU
		Release|Any CPU = Release|Any CPU
	EndGlobalSection
	GlobalSection(ProjectConfigurationPlatforms) = postSolution
		{D9A90F63-1367-4F87-9D2F-886A33AE3288}.Debug|Any CPU.ActiveCfg = Debug|Any CPU
		{D9A90F63-1367-4F87-9D2F-886A33AE3288}.Debug|Any CPU.Build.0 = Debug|Any CPU
		{D9A90F63-1367-4F87-9D2F-886A33AE3288}.Release|Any CPU.ActiveCfg = Release|Any CPU
		{D9A90F63-1367-4F87-9D2F-886A33AE3288}.Release|Any CPU.Build.0 = Release|Any CPU
	EndGlobalSection
	GlobalSection(SolutionProperties) = preSolution
		HideSolutionNode = FALSE
	EndGlobalSection
	GlobalSection(ExtensibilityGlobals) = postSolution
		SolutionGuid = {31D2AF69-9B2A-498F-9AEC-E459F7EA00C3}
	EndGlobalSection
EndGlobal
